
Microsoft Visual Studio Solution File, Format Version 12.00
# Visual Studio Version 17
VisualStudioVersion = 17.1.32228.430
MinimumVisualStudioVersion = 10.0.40219.1
Project("{FAE04EC0-301F-11D3-BF4B-00C04F79EFBC}") = "EdiabasLib", "EdiabasLib\EdiabasLib.csproj", "{3C2E9AE9-8252-451F-9B8F-92EBB56D245D}"
EndProject
Project("{FAE04EC0-301F-11D3-BF4B-00C04F79EFBC}") = "EdiabasTest", "EdiabasTest\EdiabasTest.csproj", "{4D348EAC-E423-4F6E-8508-BEA18A623701}"
EndProject
Project("{FAE04EC0-301F-11D3-BF4B-00C04F79EFBC}") = "EdiabasCall", "Test\EdiabasCall\EdiabasCall.csproj", "{63F3710C-1733-456E-A4A9-A976B8DDDA21}"
EndProject
Project("{FAE04EC0-301F-11D3-BF4B-00C04F79EFBC}") = "apiNET32", "apiNET32\apiNET32.csproj", "{A210DA60-5EFE-4373-A553-7C7F746BDD81}"
EndProject
Project("{FAE04EC0-301F-11D3-BF4B-00C04F79EFBC}") = "EdiabasLibCall", "Test\EdiabasLibCall\EdiabasLibCall.csproj", "{9AB90187-7B38-4A26-B06E-1F8B5C998F86}"
EndProject
Project("{8BC9CEB8-8B4A-11D0-8D11-00A0C91BC942}") = "Api32", "Api32\Api32.vcxproj", "{DEA06A3D-89F8-4AC1-B765-7A4A5C603E37}"
EndProject
Project("{FAE04EC0-301F-11D3-BF4B-00C04F79EFBC}") = "ApiInternal", "apiInternal\ApiInternal.csproj", "{F125B68A-1FA7-4E2B-A055-C4F6D8F5F0CF}"
EndProject
Project("{8BC9CEB8-8B4A-11D0-8D11-00A0C91BC942}") = "IfhLog", "IfhLog\IfhLog.vcxproj", "{3FA10D72-C07D-4B85-8C9C-C58E5F875D4D}"
EndProject
Project("{FAE04EC0-301F-11D3-BF4B-00C04F79EFBC}") = "EdiabasLibConfigTool", "EdiabasLibConfigTool\EdiabasLibConfigTool.csproj", "{7D7FA80F-4C35-4AF4-8E6E-44C32E4DBD32}"
	ProjectSection(ProjectDependencies) = postProject
		{DEA06A3D-89F8-4AC1-B765-7A4A5C603E37} = {DEA06A3D-89F8-4AC1-B765-7A4A5C603E37}
	EndProjectSection
EndProject
Project("{2150E333-8FDC-42A3-9474-1A3956D46DE8}") = "docs", "docs", "{7B9636BF-0907-48A9-99D4-28DBAEA781F7}"
	ProjectSection(SolutionItems) = preProject
		..\docs\AdapterTypes.md = ..\docs\AdapterTypes.md
		..\docs\BMW_Coding.md = ..\docs\BMW_Coding.md
		..\docs\Build_Bluetooth_D-CAN_adapter.md = ..\docs\Build_Bluetooth_D-CAN_adapter.md
		..\docs\Build_Bluetooth_D-CAN_adapter_AdapterSmall.png = ..\docs\Build_Bluetooth_D-CAN_adapter_AdapterSmall.png
		..\docs\Build_Bluetooth_D-CAN_adapter_BluetoothConnectionSmall.png = ..\docs\Build_Bluetooth_D-CAN_adapter_BluetoothConnectionSmall.png
		..\docs\Build_Bluetooth_D-CAN_adapter_HC05ModifiedSideSmall.png = ..\docs\Build_Bluetooth_D-CAN_adapter_HC05ModifiedSideSmall.png
		..\docs\Build_Bluetooth_D-CAN_adapter_HC05ModifiedSmall.png = ..\docs\Build_Bluetooth_D-CAN_adapter_HC05ModifiedSmall.png
		..\docs\Build_Bluetooth_D-CAN_adapter_PldSmall.png = ..\docs\Build_Bluetooth_D-CAN_adapter_PldSmall.png
		..\docs\Build_Bluetooth_D-CAN_adapter_PowerSwitchSmall.png = ..\docs\Build_Bluetooth_D-CAN_adapter_PowerSwitchSmall.png
		..\docs\Build_Bluetooth_D-CAN_adapter_ProgrammerSmall.png = ..\docs\Build_Bluetooth_D-CAN_adapter_ProgrammerSmall.png
		..\docs\Build_Bluetooth_D-CAN_adapter_UpdateSmall.png = ..\docs\Build_Bluetooth_D-CAN_adapter_UpdateSmall.png
		..\docs\Configuration_Generator.md = ..\docs\Configuration_Generator.md
		..\docs\Configuration_Generator_AppGeneratorEcusSmall.png = ..\docs\Configuration_Generator_AppGeneratorEcusSmall.png
		..\docs\Configuration_Generator_AppGeneratorJobSmall.png = ..\docs\Configuration_Generator_AppGeneratorJobSmall.png
		..\docs\Configuration_Generator_AppGeneratorMenuSmall.png = ..\docs\Configuration_Generator_AppGeneratorMenuSmall.png
		..\docs\Configuration_Generator_InpaInfo.png = ..\docs\Configuration_Generator_InpaInfo.png
		..\docs\Custom_Bluetooth_firmware.md = ..\docs\Custom_Bluetooth_firmware.md
		..\docs\DD39AJPA.png = ..\docs\DD39AJPA.png
		..\docs\Deep_OBD_for_BMW_and_VAG.md = ..\docs\Deep_OBD_for_BMW_and_VAG.md
		..\docs\Deep_OBD_for_BMW_and_VAG_AppAxisSmall.png = ..\docs\Deep_OBD_for_BMW_and_VAG_AppAxisSmall.png
		..\docs\Deep_OBD_for_BMW_and_VAG_AppClimateSmall.png = ..\docs\Deep_OBD_for_BMW_and_VAG_AppClimateSmall.png
		..\docs\Deep_OBD_for_BMW_and_VAG_AppMenuSmall.png = ..\docs\Deep_OBD_for_BMW_and_VAG_AppMenuSmall.png
		..\docs\Deep_OBD_for_BMW_and_VAG_AppMotorGraphSmall.png = ..\docs\Deep_OBD_for_BMW_and_VAG_AppMotorGraphSmall.png
		..\docs\Deep_OBD_for_BMW_and_VAG_AppMotorSmall.png = ..\docs\Deep_OBD_for_BMW_and_VAG_AppMotorSmall.png
		..\docs\Deep_OBD_for_BMW_and_VAG_AppOfflineSmall.png = ..\docs\Deep_OBD_for_BMW_and_VAG_AppOfflineSmall.png
		..\docs\Deep_OBD_for_BMW_and_VAG_AppReadAllErrorsSmall.png = ..\docs\Deep_OBD_for_BMW_and_VAG_AppReadAllErrorsSmall.png
		..\docs\Deep_OBD_for_BMW_and_VAG_AppSelectBluetoothSmall.png = ..\docs\Deep_OBD_for_BMW_and_VAG_AppSelectBluetoothSmall.png
		..\docs\Documentation.md = ..\docs\Documentation.md
		..\docs\EdiabasLib.config_file.md = ..\docs\EdiabasLib.config_file.md
		..\docs\EdiabasTest_parameters.md = ..\docs\EdiabasTest_parameters.md
		..\docs\EdiabasTool.md = ..\docs\EdiabasTool.md
		..\docs\EdiabasTool_AppToolInfosSmall.png = ..\docs\EdiabasTool_AppToolInfosSmall.png
		..\docs\EdiabasTool_AppToolMenuSmall.png = ..\docs\EdiabasTool_AppToolMenuSmall.png
		..\docs\EdiabasTool_AppToolReadErrorSmall.png = ..\docs\EdiabasTool_AppToolReadErrorSmall.png
		..\docs\EdiabasTool_AppToolSelectGrpSmall.png = ..\docs\EdiabasTool_AppToolSelectGrpSmall.png
		..\docs\EdiabasTool_AppToolSelectJobSmall.png = ..\docs\EdiabasTool_AppToolSelectJobSmall.png
		..\docs\EdiabasTool_AppToolSelectResultSmall.png = ..\docs\EdiabasTool_AppToolSelectResultSmall.png
		..\docs\EDIABAS_result_types_and_formats.md = ..\docs\EDIABAS_result_types_and_formats.md
		..\docs\elm327_BT_annotated_24c32_and_pic18f25k80_prog_connections_Big.png = ..\docs\elm327_BT_annotated_24c32_and_pic18f25k80_prog_connections_Big.png
		..\docs\elm327_BT_annotated_24c32_and_pic18f25k80_prog_connections_Small.png = ..\docs\elm327_BT_annotated_24c32_and_pic18f25k80_prog_connections_Small.png
		..\docs\elm327_wifi_annotated_esp8266x_and_pic18f25k80_prog_connections_Big.png = ..\docs\elm327_wifi_annotated_esp8266x_and_pic18f25k80_prog_connections_Big.png
		..\docs\elm327_wifi_annotated_esp8266x_and_pic18f25k80_prog_connections_Small.png = ..\docs\elm327_wifi_annotated_esp8266x_and_pic18f25k80_prog_connections_Small.png
		..\docs\ENET_WiFi_Adapter.md = ..\docs\ENET_WiFi_Adapter.md
		..\docs\ENET_WiFi_Adapter_ConfigToolWiFiSmall.png = ..\docs\ENET_WiFi_Adapter_ConfigToolWiFiSmall.png
		..\docs\ENET_WiFi_Adapter_EnetAdapter2ClosedSmall.png = ..\docs\ENET_WiFi_Adapter_EnetAdapter2ClosedSmall.png
		..\docs\ENET_WiFi_Adapter_EnetAdapter2OpenSmall.png = ..\docs\ENET_WiFi_Adapter_EnetAdapter2OpenSmall.png
		..\docs\ENET_WiFi_Adapter_EnetAdapterClosedSmall.png = ..\docs\ENET_WiFi_Adapter_EnetAdapterClosedSmall.png
		..\docs\ENET_WiFi_Adapter_EnetAdapterOpenSmall.png = ..\docs\ENET_WiFi_Adapter_EnetAdapterOpenSmall.png
		..\docs\ENET_WiFi_Adapter_WebInterfaceSmall.png = ..\docs\ENET_WiFi_Adapter_WebInterfaceSmall.png
		..\docs\GlobalSettings.md = ..\docs\GlobalSettings.md
		..\docs\GlobalSettings_AppGlobalSettingsSmall.png = ..\docs\GlobalSettings_AppGlobalSettingsSmall.png
		..\docs\hc04-pinout.jpg = ..\docs\hc04-pinout.jpg
		..\docs\MT7620A_1.png = ..\docs\MT7620A_1.png
		..\docs\MT7620A_2.png = ..\docs\MT7620A_2.png
		..\docs\Page_specification.md = ..\docs\Page_specification.md
		..\docs\Page_specification_AdapterConfigSmall.png = ..\docs\Page_specification_AdapterConfigSmall.png
		..\docs\Page_specification_AppClimateSmall.png = ..\docs\Page_specification_AppClimateSmall.png
		..\docs\Page_specification_AppReadAllErrorsSmall.png = ..\docs\Page_specification_AppReadAllErrorsSmall.png
		..\docs\README_AppMotorGraphSmall.png = ..\docs\README_AppMotorGraphSmall.png
		..\docs\README_AppMotorSmall.png = ..\docs\README_AppMotorSmall.png
		..\docs\README_BluetoothAdapterTopSmall.png = ..\docs\README_BluetoothAdapterTopSmall.png
		..\docs\README_EnetAdapterClosedSmall.png = ..\docs\README_EnetAdapterClosedSmall.png
		..\docs\Replacement_firmware_for_ELM327.md = ..\docs\Replacement_firmware_for_ELM327.md
		..\docs\Replacement_firmware_for_ELM327_BluetoothAdapterBottomSmall.png = ..\docs\Replacement_firmware_for_ELM327_BluetoothAdapterBottomSmall.png
		..\docs\Replacement_firmware_for_ELM327_BluetoothAdapterTopSmall.png = ..\docs\Replacement_firmware_for_ELM327_BluetoothAdapterTopSmall.png
		..\docs\Replacement_firmware_for_ELM327_ConfigToolBluetoothSmall.png = ..\docs\Replacement_firmware_for_ELM327_ConfigToolBluetoothSmall.png
		..\docs\Replace_Elm327_BT_Mini_Firmware.md = ..\docs\Replace_Elm327_BT_Mini_Firmware.md
		..\docs\Replace_ELM327_HC04_Firmware.md = ..\docs\Replace_ELM327_HC04_Firmware.md
		..\docs\Replace_Elm327_Wifi_Mini_Firmware.md = ..\docs\Replace_Elm327_Wifi_Mini_Firmware.md
	EndProjectSection
EndProject
Project("{2150E333-8FDC-42A3-9474-1A3956D46DE8}") = "Solution Items", "Solution Items", "{587F8C62-6BF6-407E-A597-E22748E115A8}"
	ProjectSection(SolutionItems) = preProject
		..\README.md = ..\README.md
	EndProjectSection
EndProject
Global
	GlobalSection(SolutionConfigurationPlatforms) = preSolution
		CodeAnalysis|Any CPU = CodeAnalysis|Any CPU
		CodeAnalysis|Mixed Platforms = CodeAnalysis|Mixed Platforms
		CodeAnalysis|Win32 = CodeAnalysis|Win32
		CodeAnalysis|x64 = CodeAnalysis|x64
		CodeAnalysis|x86 = CodeAnalysis|x86
		Debug|Any CPU = Debug|Any CPU
		Debug|Mixed Platforms = Debug|Mixed Platforms
		Debug|Win32 = Debug|Win32
		Debug|x64 = Debug|x64
		Debug|x86 = Debug|x86
		Release|Any CPU = Release|Any CPU
		Release|Mixed Platforms = Release|Mixed Platforms
		Release|Win32 = Release|Win32
		Release|x64 = Release|x64
		Release|x86 = Release|x86
	EndGlobalSection
	GlobalSection(ProjectConfigurationPlatforms) = postSolution
		{3C2E9AE9-8252-451F-9B8F-92EBB56D245D}.CodeAnalysis|Any CPU.ActiveCfg = Release|Any CPU
		{3C2E9AE9-8252-451F-9B8F-92EBB56D245D}.CodeAnalysis|Any CPU.Build.0 = Release|Any CPU
		{3C2E9AE9-8252-451F-9B8F-92EBB56D245D}.CodeAnalysis|Mixed Platforms.ActiveCfg = Release|Any CPU
		{3C2E9AE9-8252-451F-9B8F-92EBB56D245D}.CodeAnalysis|Mixed Platforms.Build.0 = Release|Any CPU
		{3C2E9AE9-8252-451F-9B8F-92EBB56D245D}.CodeAnalysis|Win32.ActiveCfg = Release|Any CPU
		{3C2E9AE9-8252-451F-9B8F-92EBB56D245D}.CodeAnalysis|Win32.Build.0 = Release|Any CPU
		{3C2E9AE9-8252-451F-9B8F-92EBB56D245D}.CodeAnalysis|x64.ActiveCfg = Release|Any CPU
		{3C2E9AE9-8252-451F-9B8F-92EBB56D245D}.CodeAnalysis|x64.Build.0 = Release|Any CPU
		{3C2E9AE9-8252-451F-9B8F-92EBB56D245D}.CodeAnalysis|x86.ActiveCfg = Release|Any CPU
		{3C2E9AE9-8252-451F-9B8F-92EBB56D245D}.CodeAnalysis|x86.Build.0 = Release|Any CPU
		{3C2E9AE9-8252-451F-9B8F-92EBB56D245D}.Debug|Any CPU.ActiveCfg = Debug|Any CPU
		{3C2E9AE9-8252-451F-9B8F-92EBB56D245D}.Debug|Any CPU.Build.0 = Debug|Any CPU
		{3C2E9AE9-8252-451F-9B8F-92EBB56D245D}.Debug|Mixed Platforms.ActiveCfg = Debug|Any CPU
		{3C2E9AE9-8252-451F-9B8F-92EBB56D245D}.Debug|Mixed Platforms.Build.0 = Debug|Any CPU
		{3C2E9AE9-8252-451F-9B8F-92EBB56D245D}.Debug|Win32.ActiveCfg = Debug|Any CPU
		{3C2E9AE9-8252-451F-9B8F-92EBB56D245D}.Debug|x64.ActiveCfg = Debug|Any CPU
		{3C2E9AE9-8252-451F-9B8F-92EBB56D245D}.Debug|x64.Build.0 = Debug|Any CPU
		{3C2E9AE9-8252-451F-9B8F-92EBB56D245D}.Debug|x86.ActiveCfg = Debug|Any CPU
		{3C2E9AE9-8252-451F-9B8F-92EBB56D245D}.Release|Any CPU.ActiveCfg = Release|Any CPU
		{3C2E9AE9-8252-451F-9B8F-92EBB56D245D}.Release|Any CPU.Build.0 = Release|Any CPU
		{3C2E9AE9-8252-451F-9B8F-92EBB56D245D}.Release|Mixed Platforms.ActiveCfg = Release|Any CPU
		{3C2E9AE9-8252-451F-9B8F-92EBB56D245D}.Release|Mixed Platforms.Build.0 = Release|Any CPU
		{3C2E9AE9-8252-451F-9B8F-92EBB56D245D}.Release|Win32.ActiveCfg = Release|Any CPU
		{3C2E9AE9-8252-451F-9B8F-92EBB56D245D}.Release|x64.ActiveCfg = Release|Any CPU
		{3C2E9AE9-8252-451F-9B8F-92EBB56D245D}.Release|x64.Build.0 = Release|Any CPU
		{3C2E9AE9-8252-451F-9B8F-92EBB56D245D}.Release|x86.ActiveCfg = Release|Any CPU
		{4D348EAC-E423-4F6E-8508-BEA18A623701}.CodeAnalysis|Any CPU.ActiveCfg = Release|x86
		{4D348EAC-E423-4F6E-8508-BEA18A623701}.CodeAnalysis|Any CPU.Build.0 = Release|x86
		{4D348EAC-E423-4F6E-8508-BEA18A623701}.CodeAnalysis|Mixed Platforms.ActiveCfg = Release|x86
		{4D348EAC-E423-4F6E-8508-BEA18A623701}.CodeAnalysis|Mixed Platforms.Build.0 = Release|x86
		{4D348EAC-E423-4F6E-8508-BEA18A623701}.CodeAnalysis|Win32.ActiveCfg = Release|x86
		{4D348EAC-E423-4F6E-8508-BEA18A623701}.CodeAnalysis|Win32.Build.0 = Release|x86
		{4D348EAC-E423-4F6E-8508-BEA18A623701}.CodeAnalysis|x64.ActiveCfg = Release|x86
		{4D348EAC-E423-4F6E-8508-BEA18A623701}.CodeAnalysis|x64.Build.0 = Release|x86
		{4D348EAC-E423-4F6E-8508-BEA18A623701}.CodeAnalysis|x86.ActiveCfg = Release|x86
		{4D348EAC-E423-4F6E-8508-BEA18A623701}.CodeAnalysis|x86.Build.0 = Release|x86
		{4D348EAC-E423-4F6E-8508-BEA18A623701}.Debug|Any CPU.ActiveCfg = Debug|x86
		{4D348EAC-E423-4F6E-8508-BEA18A623701}.Debug|Mixed Platforms.ActiveCfg = Debug|x86
		{4D348EAC-E423-4F6E-8508-BEA18A623701}.Debug|Mixed Platforms.Build.0 = Debug|x86
		{4D348EAC-E423-4F6E-8508-BEA18A623701}.Debug|Win32.ActiveCfg = Debug|x86
		{4D348EAC-E423-4F6E-8508-BEA18A623701}.Debug|x64.ActiveCfg = Debug|x86
		{4D348EAC-E423-4F6E-8508-BEA18A623701}.Debug|x86.ActiveCfg = Debug|x86
		{4D348EAC-E423-4F6E-8508-BEA18A623701}.Debug|x86.Build.0 = Debug|x86
		{4D348EAC-E423-4F6E-8508-BEA18A623701}.Release|Any CPU.ActiveCfg = Release|x86
		{4D348EAC-E423-4F6E-8508-BEA18A623701}.Release|Mixed Platforms.ActiveCfg = Release|x86
		{4D348EAC-E423-4F6E-8508-BEA18A623701}.Release|Mixed Platforms.Build.0 = Release|x86
		{4D348EAC-E423-4F6E-8508-BEA18A623701}.Release|Win32.ActiveCfg = Release|x86
		{4D348EAC-E423-4F6E-8508-BEA18A623701}.Release|x64.ActiveCfg = Release|x86
		{4D348EAC-E423-4F6E-8508-BEA18A623701}.Release|x86.ActiveCfg = Release|x86
		{4D348EAC-E423-4F6E-8508-BEA18A623701}.Release|x86.Build.0 = Release|x86
		{63F3710C-1733-456E-A4A9-A976B8DDDA21}.CodeAnalysis|Any CPU.ActiveCfg = Release|x86
		{63F3710C-1733-456E-A4A9-A976B8DDDA21}.CodeAnalysis|Any CPU.Build.0 = Release|x86
		{63F3710C-1733-456E-A4A9-A976B8DDDA21}.CodeAnalysis|Mixed Platforms.ActiveCfg = Release|x86
		{63F3710C-1733-456E-A4A9-A976B8DDDA21}.CodeAnalysis|Mixed Platforms.Build.0 = Release|x86
		{63F3710C-1733-456E-A4A9-A976B8DDDA21}.CodeAnalysis|Win32.ActiveCfg = Release|x86
		{63F3710C-1733-456E-A4A9-A976B8DDDA21}.CodeAnalysis|Win32.Build.0 = Release|x86
		{63F3710C-1733-456E-A4A9-A976B8DDDA21}.CodeAnalysis|x64.ActiveCfg = Release|x86
		{63F3710C-1733-456E-A4A9-A976B8DDDA21}.CodeAnalysis|x64.Build.0 = Release|x86
		{63F3710C-1733-456E-A4A9-A976B8DDDA21}.CodeAnalysis|x86.ActiveCfg = Release|x86
		{63F3710C-1733-456E-A4A9-A976B8DDDA21}.CodeAnalysis|x86.Build.0 = Release|x86
		{63F3710C-1733-456E-A4A9-A976B8DDDA21}.Debug|Any CPU.ActiveCfg = Debug|x86
		{63F3710C-1733-456E-A4A9-A976B8DDDA21}.Debug|Mixed Platforms.ActiveCfg = Debug|x86
		{63F3710C-1733-456E-A4A9-A976B8DDDA21}.Debug|Mixed Platforms.Build.0 = Debug|x86
		{63F3710C-1733-456E-A4A9-A976B8DDDA21}.Debug|Win32.ActiveCfg = Debug|x86
		{63F3710C-1733-456E-A4A9-A976B8DDDA21}.Debug|x64.ActiveCfg = Debug|x86
		{63F3710C-1733-456E-A4A9-A976B8DDDA21}.Debug|x86.ActiveCfg = Debug|x86
		{63F3710C-1733-456E-A4A9-A976B8DDDA21}.Debug|x86.Build.0 = Debug|x86
		{63F3710C-1733-456E-A4A9-A976B8DDDA21}.Release|Any CPU.ActiveCfg = Release|x86
		{63F3710C-1733-456E-A4A9-A976B8DDDA21}.Release|Mixed Platforms.ActiveCfg = Release|x86
		{63F3710C-1733-456E-A4A9-A976B8DDDA21}.Release|Mixed Platforms.Build.0 = Release|x86
		{63F3710C-1733-456E-A4A9-A976B8DDDA21}.Release|Win32.ActiveCfg = Release|x86
		{63F3710C-1733-456E-A4A9-A976B8DDDA21}.Release|x64.ActiveCfg = Release|x86
		{63F3710C-1733-456E-A4A9-A976B8DDDA21}.Release|x86.ActiveCfg = Release|x86
		{63F3710C-1733-456E-A4A9-A976B8DDDA21}.Release|x86.Build.0 = Release|x86
		{A210DA60-5EFE-4373-A553-7C7F746BDD81}.CodeAnalysis|Any CPU.ActiveCfg = Release|Any CPU
		{A210DA60-5EFE-4373-A553-7C7F746BDD81}.CodeAnalysis|Any CPU.Build.0 = Release|Any CPU
		{A210DA60-5EFE-4373-A553-7C7F746BDD81}.CodeAnalysis|Mixed Platforms.ActiveCfg = Release|Any CPU
		{A210DA60-5EFE-4373-A553-7C7F746BDD81}.CodeAnalysis|Mixed Platforms.Build.0 = Release|Any CPU
		{A210DA60-5EFE-4373-A553-7C7F746BDD81}.CodeAnalysis|Win32.ActiveCfg = Release|Any CPU
		{A210DA60-5EFE-4373-A553-7C7F746BDD81}.CodeAnalysis|Win32.Build.0 = Release|Any CPU
		{A210DA60-5EFE-4373-A553-7C7F746BDD81}.CodeAnalysis|x64.ActiveCfg = Release|Any CPU
		{A210DA60-5EFE-4373-A553-7C7F746BDD81}.CodeAnalysis|x64.Build.0 = Release|Any CPU
		{A210DA60-5EFE-4373-A553-7C7F746BDD81}.CodeAnalysis|x86.ActiveCfg = Release|Any CPU
		{A210DA60-5EFE-4373-A553-7C7F746BDD81}.CodeAnalysis|x86.Build.0 = Release|Any CPU
		{A210DA60-5EFE-4373-A553-7C7F746BDD81}.Debug|Any CPU.ActiveCfg = Debug|Any CPU
		{A210DA60-5EFE-4373-A553-7C7F746BDD81}.Debug|Any CPU.Build.0 = Debug|Any CPU
		{A210DA60-5EFE-4373-A553-7C7F746BDD81}.Debug|Mixed Platforms.ActiveCfg = Debug|Any CPU
		{A210DA60-5EFE-4373-A553-7C7F746BDD81}.Debug|Mixed Platforms.Build.0 = Debug|Any CPU
		{A210DA60-5EFE-4373-A553-7C7F746BDD81}.Debug|Win32.ActiveCfg = Debug|Any CPU
		{A210DA60-5EFE-4373-A553-7C7F746BDD81}.Debug|x64.ActiveCfg = Debug|Any CPU
		{A210DA60-5EFE-4373-A553-7C7F746BDD81}.Debug|x64.Build.0 = Debug|Any CPU
		{A210DA60-5EFE-4373-A553-7C7F746BDD81}.Debug|x86.ActiveCfg = Debug|Any CPU
		{A210DA60-5EFE-4373-A553-7C7F746BDD81}.Release|Any CPU.ActiveCfg = Release|Any CPU
		{A210DA60-5EFE-4373-A553-7C7F746BDD81}.Release|Any CPU.Build.0 = Release|Any CPU
		{A210DA60-5EFE-4373-A553-7C7F746BDD81}.Release|Mixed Platforms.ActiveCfg = Release|Any CPU
		{A210DA60-5EFE-4373-A553-7C7F746BDD81}.Release|Mixed Platforms.Build.0 = Release|Any CPU
		{A210DA60-5EFE-4373-A553-7C7F746BDD81}.Release|Win32.ActiveCfg = Release|Any CPU
		{A210DA60-5EFE-4373-A553-7C7F746BDD81}.Release|x64.ActiveCfg = Release|Any CPU
		{A210DA60-5EFE-4373-A553-7C7F746BDD81}.Release|x64.Build.0 = Release|Any CPU
		{A210DA60-5EFE-4373-A553-7C7F746BDD81}.Release|x86.ActiveCfg = Release|Any CPU
		{9AB90187-7B38-4A26-B06E-1F8B5C998F86}.CodeAnalysis|Any CPU.ActiveCfg = Release|x86
		{9AB90187-7B38-4A26-B06E-1F8B5C998F86}.CodeAnalysis|Any CPU.Build.0 = Release|x86
		{9AB90187-7B38-4A26-B06E-1F8B5C998F86}.CodeAnalysis|Mixed Platforms.ActiveCfg = Release|x86
		{9AB90187-7B38-4A26-B06E-1F8B5C998F86}.CodeAnalysis|Mixed Platforms.Build.0 = Release|x86
		{9AB90187-7B38-4A26-B06E-1F8B5C998F86}.CodeAnalysis|Win32.ActiveCfg = Release|x86
		{9AB90187-7B38-4A26-B06E-1F8B5C998F86}.CodeAnalysis|Win32.Build.0 = Release|x86
		{9AB90187-7B38-4A26-B06E-1F8B5C998F86}.CodeAnalysis|x64.ActiveCfg = Release|x86
		{9AB90187-7B38-4A26-B06E-1F8B5C998F86}.CodeAnalysis|x64.Build.0 = Release|x86
		{9AB90187-7B38-4A26-B06E-1F8B5C998F86}.CodeAnalysis|x86.ActiveCfg = Release|x86
		{9AB90187-7B38-4A26-B06E-1F8B5C998F86}.CodeAnalysis|x86.Build.0 = Release|x86
		{9AB90187-7B38-4A26-B06E-1F8B5C998F86}.Debug|Any CPU.ActiveCfg = Debug|x86
		{9AB90187-7B38-4A26-B06E-1F8B5C998F86}.Debug|Mixed Platforms.ActiveCfg = Debug|x86
		{9AB90187-7B38-4A26-B06E-1F8B5C998F86}.Debug|Mixed Platforms.Build.0 = Debug|x86
		{9AB90187-7B38-4A26-B06E-1F8B5C998F86}.Debug|Win32.ActiveCfg = Debug|x86
		{9AB90187-7B38-4A26-B06E-1F8B5C998F86}.Debug|x64.ActiveCfg = Debug|x86
		{9AB90187-7B38-4A26-B06E-1F8B5C998F86}.Debug|x86.ActiveCfg = Debug|x86
		{9AB90187-7B38-4A26-B06E-1F8B5C998F86}.Debug|x86.Build.0 = Debug|x86
		{9AB90187-7B38-4A26-B06E-1F8B5C998F86}.Release|Any CPU.ActiveCfg = Release|x86
		{9AB90187-7B38-4A26-B06E-1F8B5C998F86}.Release|Mixed Platforms.ActiveCfg = Release|x86
		{9AB90187-7B38-4A26-B06E-1F8B5C998F86}.Release|Mixed Platforms.Build.0 = Release|x86
		{9AB90187-7B38-4A26-B06E-1F8B5C998F86}.Release|Win32.ActiveCfg = Release|x86
		{9AB90187-7B38-4A26-B06E-1F8B5C998F86}.Release|x64.ActiveCfg = Release|x86
		{9AB90187-7B38-4A26-B06E-1F8B5C998F86}.Release|x86.ActiveCfg = Release|x86
		{9AB90187-7B38-4A26-B06E-1F8B5C998F86}.Release|x86.Build.0 = Release|x86
		{DEA06A3D-89F8-4AC1-B765-7A4A5C603E37}.CodeAnalysis|Any CPU.ActiveCfg = Release|Win32
		{DEA06A3D-89F8-4AC1-B765-7A4A5C603E37}.CodeAnalysis|Any CPU.Build.0 = Release|Win32
		{DEA06A3D-89F8-4AC1-B765-7A4A5C603E37}.CodeAnalysis|Mixed Platforms.ActiveCfg = Release|Win32
		{DEA06A3D-89F8-4AC1-B765-7A4A5C603E37}.CodeAnalysis|Mixed Platforms.Build.0 = Release|Win32
		{DEA06A3D-89F8-4AC1-B765-7A4A5C603E37}.CodeAnalysis|Win32.ActiveCfg = Release|Win32
		{DEA06A3D-89F8-4AC1-B765-7A4A5C603E37}.CodeAnalysis|Win32.Build.0 = Release|Win32
		{DEA06A3D-89F8-4AC1-B765-7A4A5C603E37}.CodeAnalysis|x64.ActiveCfg = Release|Win32
		{DEA06A3D-89F8-4AC1-B765-7A4A5C603E37}.CodeAnalysis|x64.Build.0 = Release|Win32
		{DEA06A3D-89F8-4AC1-B765-7A4A5C603E37}.CodeAnalysis|x86.ActiveCfg = Release|Win32
		{DEA06A3D-89F8-4AC1-B765-7A4A5C603E37}.CodeAnalysis|x86.Build.0 = Release|Win32
		{DEA06A3D-89F8-4AC1-B765-7A4A5C603E37}.Debug|Any CPU.ActiveCfg = Debug|Win32
		{DEA06A3D-89F8-4AC1-B765-7A4A5C603E37}.Debug|Mixed Platforms.ActiveCfg = Debug|Win32
		{DEA06A3D-89F8-4AC1-B765-7A4A5C603E37}.Debug|Mixed Platforms.Build.0 = Debug|Win32
		{DEA06A3D-89F8-4AC1-B765-7A4A5C603E37}.Debug|Win32.ActiveCfg = Debug|Win32
		{DEA06A3D-89F8-4AC1-B765-7A4A5C603E37}.Debug|Win32.Build.0 = Debug|Win32
		{DEA06A3D-89F8-4AC1-B765-7A4A5C603E37}.Debug|x64.ActiveCfg = Debug|x64
		{DEA06A3D-89F8-4AC1-B765-7A4A5C603E37}.Debug|x86.ActiveCfg = Debug|Win32
		{DEA06A3D-89F8-4AC1-B765-7A4A5C603E37}.Release|Any CPU.ActiveCfg = Release|Win32
		{DEA06A3D-89F8-4AC1-B765-7A4A5C603E37}.Release|Mixed Platforms.ActiveCfg = Release|Win32
		{DEA06A3D-89F8-4AC1-B765-7A4A5C603E37}.Release|Mixed Platforms.Build.0 = Release|Win32
		{DEA06A3D-89F8-4AC1-B765-7A4A5C603E37}.Release|Win32.ActiveCfg = Release|Win32
		{DEA06A3D-89F8-4AC1-B765-7A4A5C603E37}.Release|Win32.Build.0 = Release|Win32
		{DEA06A3D-89F8-4AC1-B765-7A4A5C603E37}.Release|x64.ActiveCfg = Release|x64
		{DEA06A3D-89F8-4AC1-B765-7A4A5C603E37}.Release|x86.ActiveCfg = Release|Win32
		{F125B68A-1FA7-4E2B-A055-C4F6D8F5F0CF}.CodeAnalysis|Any CPU.ActiveCfg = Release|Any CPU
		{F125B68A-1FA7-4E2B-A055-C4F6D8F5F0CF}.CodeAnalysis|Any CPU.Build.0 = Release|Any CPU
		{F125B68A-1FA7-4E2B-A055-C4F6D8F5F0CF}.CodeAnalysis|Mixed Platforms.ActiveCfg = Release|Any CPU
		{F125B68A-1FA7-4E2B-A055-C4F6D8F5F0CF}.CodeAnalysis|Mixed Platforms.Build.0 = Release|Any CPU
		{F125B68A-1FA7-4E2B-A055-C4F6D8F5F0CF}.CodeAnalysis|Win32.ActiveCfg = Release|Any CPU
		{F125B68A-1FA7-4E2B-A055-C4F6D8F5F0CF}.CodeAnalysis|Win32.Build.0 = Release|Any CPU
		{F125B68A-1FA7-4E2B-A055-C4F6D8F5F0CF}.CodeAnalysis|x64.ActiveCfg = Release|Any CPU
		{F125B68A-1FA7-4E2B-A055-C4F6D8F5F0CF}.CodeAnalysis|x64.Build.0 = Release|Any CPU
		{F125B68A-1FA7-4E2B-A055-C4F6D8F5F0CF}.CodeAnalysis|x86.ActiveCfg = Release|Any CPU
		{F125B68A-1FA7-4E2B-A055-C4F6D8F5F0CF}.CodeAnalysis|x86.Build.0 = Release|Any CPU
		{F125B68A-1FA7-4E2B-A055-C4F6D8F5F0CF}.Debug|Any CPU.ActiveCfg = Debug|Any CPU
		{F125B68A-1FA7-4E2B-A055-C4F6D8F5F0CF}.Debug|Any CPU.Build.0 = Debug|Any CPU
		{F125B68A-1FA7-4E2B-A055-C4F6D8F5F0CF}.Debug|Mixed Platforms.ActiveCfg = Debug|Any CPU
		{F125B68A-1FA7-4E2B-A055-C4F6D8F5F0CF}.Debug|Mixed Platforms.Build.0 = Debug|Any CPU
		{F125B68A-1FA7-4E2B-A055-C4F6D8F5F0CF}.Debug|Win32.ActiveCfg = Debug|Any CPU
		{F125B68A-1FA7-4E2B-A055-C4F6D8F5F0CF}.Debug|x64.ActiveCfg = Debug|Any CPU
		{F125B68A-1FA7-4E2B-A055-C4F6D8F5F0CF}.Debug|x64.Build.0 = Debug|Any CPU
		{F125B68A-1FA7-4E2B-A055-C4F6D8F5F0CF}.Debug|x86.ActiveCfg = Debug|Any CPU
		{F125B68A-1FA7-4E2B-A055-C4F6D8F5F0CF}.Release|Any CPU.ActiveCfg = Release|Any CPU
		{F125B68A-1FA7-4E2B-A055-C4F6D8F5F0CF}.Release|Any CPU.Build.0 = Release|Any CPU
		{F125B68A-1FA7-4E2B-A055-C4F6D8F5F0CF}.Release|Mixed Platforms.ActiveCfg = Release|Any CPU
		{F125B68A-1FA7-4E2B-A055-C4F6D8F5F0CF}.Release|Mixed Platforms.Build.0 = Release|Any CPU
		{F125B68A-1FA7-4E2B-A055-C4F6D8F5F0CF}.Release|Win32.ActiveCfg = Release|Any CPU
		{F125B68A-1FA7-4E2B-A055-C4F6D8F5F0CF}.Release|x64.ActiveCfg = Release|Any CPU
		{F125B68A-1FA7-4E2B-A055-C4F6D8F5F0CF}.Release|x64.Build.0 = Release|Any CPU
		{F125B68A-1FA7-4E2B-A055-C4F6D8F5F0CF}.Release|x86.ActiveCfg = Release|Any CPU
		{3FA10D72-C07D-4B85-8C9C-C58E5F875D4D}.CodeAnalysis|Any CPU.ActiveCfg = Release|x64
		{3FA10D72-C07D-4B85-8C9C-C58E5F875D4D}.CodeAnalysis|Any CPU.Build.0 = Release|x64
		{3FA10D72-C07D-4B85-8C9C-C58E5F875D4D}.CodeAnalysis|Mixed Platforms.ActiveCfg = Release|Win32
		{3FA10D72-C07D-4B85-8C9C-C58E5F875D4D}.CodeAnalysis|Mixed Platforms.Build.0 = Release|Win32
		{3FA10D72-C07D-4B85-8C9C-C58E5F875D4D}.CodeAnalysis|Win32.ActiveCfg = Release|Win32
		{3FA10D72-C07D-4B85-8C9C-C58E5F875D4D}.CodeAnalysis|Win32.Build.0 = Release|Win32
		{3FA10D72-C07D-4B85-8C9C-C58E5F875D4D}.CodeAnalysis|x64.ActiveCfg = Release|x64
		{3FA10D72-C07D-4B85-8C9C-C58E5F875D4D}.CodeAnalysis|x64.Build.0 = Release|x64
		{3FA10D72-C07D-4B85-8C9C-C58E5F875D4D}.CodeAnalysis|x86.ActiveCfg = Release|Win32
		{3FA10D72-C07D-4B85-8C9C-C58E5F875D4D}.CodeAnalysis|x86.Build.0 = Release|Win32
		{3FA10D72-C07D-4B85-8C9C-C58E5F875D4D}.Debug|Any CPU.ActiveCfg = Debug|Win32
		{3FA10D72-C07D-4B85-8C9C-C58E5F875D4D}.Debug|Mixed Platforms.ActiveCfg = Debug|Win32
		{3FA10D72-C07D-4B85-8C9C-C58E5F875D4D}.Debug|Mixed Platforms.Build.0 = Debug|Win32
		{3FA10D72-C07D-4B85-8C9C-C58E5F875D4D}.Debug|Win32.ActiveCfg = Debug|Win32
		{3FA10D72-C07D-4B85-8C9C-C58E5F875D4D}.Debug|Win32.Build.0 = Debug|Win32
		{3FA10D72-C07D-4B85-8C9C-C58E5F875D4D}.Debug|x64.ActiveCfg = Debug|x64
		{3FA10D72-C07D-4B85-8C9C-C58E5F875D4D}.Debug|x64.Build.0 = Debug|x64
		{3FA10D72-C07D-4B85-8C9C-C58E5F875D4D}.Debug|x86.ActiveCfg = Debug|Win32
		{3FA10D72-C07D-4B85-8C9C-C58E5F875D4D}.Debug|x86.Build.0 = Debug|Win32
		{3FA10D72-C07D-4B85-8C9C-C58E5F875D4D}.Release|Any CPU.ActiveCfg = Release|Win32
		{3FA10D72-C07D-4B85-8C9C-C58E5F875D4D}.Release|Mixed Platforms.ActiveCfg = Release|Win32
		{3FA10D72-C07D-4B85-8C9C-C58E5F875D4D}.Release|Mixed Platforms.Build.0 = Release|Win32
		{3FA10D72-C07D-4B85-8C9C-C58E5F875D4D}.Release|Win32.ActiveCfg = Release|Win32
		{3FA10D72-C07D-4B85-8C9C-C58E5F875D4D}.Release|Win32.Build.0 = Release|Win32
		{3FA10D72-C07D-4B85-8C9C-C58E5F875D4D}.Release|x64.ActiveCfg = Release|x64
		{3FA10D72-C07D-4B85-8C9C-C58E5F875D4D}.Release|x64.Build.0 = Release|x64
		{3FA10D72-C07D-4B85-8C9C-C58E5F875D4D}.Release|x86.ActiveCfg = Release|Win32
		{3FA10D72-C07D-4B85-8C9C-C58E5F875D4D}.Release|x86.Build.0 = Release|Win32
		{7D7FA80F-4C35-4AF4-8E6E-44C32E4DBD32}.CodeAnalysis|Any CPU.ActiveCfg = Release|Any CPU
		{7D7FA80F-4C35-4AF4-8E6E-44C32E4DBD32}.CodeAnalysis|Any CPU.Build.0 = Release|Any CPU
		{7D7FA80F-4C35-4AF4-8E6E-44C32E4DBD32}.CodeAnalysis|Mixed Platforms.ActiveCfg = Release|Any CPU
		{7D7FA80F-4C35-4AF4-8E6E-44C32E4DBD32}.CodeAnalysis|Mixed Platforms.Build.0 = Release|Any CPU
		{7D7FA80F-4C35-4AF4-8E6E-44C32E4DBD32}.CodeAnalysis|Win32.ActiveCfg = Release|Any CPU
		{7D7FA80F-4C35-4AF4-8E6E-44C32E4DBD32}.CodeAnalysis|Win32.Build.0 = Release|Any CPU
		{7D7FA80F-4C35-4AF4-8E6E-44C32E4DBD32}.CodeAnalysis|x64.ActiveCfg = Release|Any CPU
		{7D7FA80F-4C35-4AF4-8E6E-44C32E4DBD32}.CodeAnalysis|x64.Build.0 = Release|Any CPU
		{7D7FA80F-4C35-4AF4-8E6E-44C32E4DBD32}.CodeAnalysis|x86.ActiveCfg = Release|Any CPU
		{7D7FA80F-4C35-4AF4-8E6E-44C32E4DBD32}.CodeAnalysis|x86.Build.0 = Release|Any CPU
		{7D7FA80F-4C35-4AF4-8E6E-44C32E4DBD32}.Debug|Any CPU.ActiveCfg = Debug|Any CPU
		{7D7FA80F-4C35-4AF4-8E6E-44C32E4DBD32}.Debug|Any CPU.Build.0 = Debug|Any CPU
		{7D7FA80F-4C35-4AF4-8E6E-44C32E4DBD32}.Debug|Mixed Platforms.ActiveCfg = Debug|x86
		{7D7FA80F-4C35-4AF4-8E6E-44C32E4DBD32}.Debug|Mixed Platforms.Build.0 = Debug|x86
		{7D7FA80F-4C35-4AF4-8E6E-44C32E4DBD32}.Debug|Win32.ActiveCfg = Debug|Any CPU
		{7D7FA80F-4C35-4AF4-8E6E-44C32E4DBD32}.Debug|Win32.Build.0 = Debug|Any CPU
		{7D7FA80F-4C35-4AF4-8E6E-44C32E4DBD32}.Debug|x64.ActiveCfg = Debug|Any CPU
		{7D7FA80F-4C35-4AF4-8E6E-44C32E4DBD32}.Debug|x64.Build.0 = Debug|Any CPU
		{7D7FA80F-4C35-4AF4-8E6E-44C32E4DBD32}.Debug|x86.ActiveCfg = Debug|Any CPU
		{7D7FA80F-4C35-4AF4-8E6E-44C32E4DBD32}.Debug|x86.Build.0 = Debug|Any CPU
		{7D7FA80F-4C35-4AF4-8E6E-44C32E4DBD32}.Release|Any CPU.ActiveCfg = Release|Any CPU
		{7D7FA80F-4C35-4AF4-8E6E-44C32E4DBD32}.Release|Any CPU.Build.0 = Release|Any CPU
		{7D7FA80F-4C35-4AF4-8E6E-44C32E4DBD32}.Release|Mixed Platforms.ActiveCfg = Release|x86
		{7D7FA80F-4C35-4AF4-8E6E-44C32E4DBD32}.Release|Mixed Platforms.Build.0 = Release|x86
		{7D7FA80F-4C35-4AF4-8E6E-44C32E4DBD32}.Release|Win32.ActiveCfg = Release|Any CPU
		{7D7FA80F-4C35-4AF4-8E6E-44C32E4DBD32}.Release|Win32.Build.0 = Release|Any CPU
		{7D7FA80F-4C35-4AF4-8E6E-44C32E4DBD32}.Release|x64.ActiveCfg = Release|Any CPU
		{7D7FA80F-4C35-4AF4-8E6E-44C32E4DBD32}.Release|x64.Build.0 = Release|Any CPU
		{7D7FA80F-4C35-4AF4-8E6E-44C32E4DBD32}.Release|x86.ActiveCfg = Release|Any CPU
		{7D7FA80F-4C35-4AF4-8E6E-44C32E4DBD32}.Release|x86.Build.0 = Release|Any CPU
	EndGlobalSection
	GlobalSection(SolutionProperties) = preSolution
		HideSolutionNode = FALSE
	EndGlobalSection
	GlobalSection(ExtensibilityGlobals) = postSolution
		SolutionGuid = {20846ABE-35AA-4495-BF76-DBE1D74077D6}
	EndGlobalSection
EndGlobal
