
Microsoft Visual Studio Solution File, Format Version 12.00
# Visual Studio 2013
VisualStudioVersion = 12.0.40629.0
MinimumVisualStudioVersion = 10.0.40219.1
Project("{FAE04EC0-301F-11D3-BF4B-00C04F79EFBC}") = "BmwDiagnostics", "BmwDiagnostics.csproj", "{5FC5723C-A88B-46E3-957C-FF24F9D8212F}"
EndProject
Project("{FAE04EC0-301F-11D3-BF4B-00C04F79EFBC}") = "EdiabasLibAndroid", "..\EdiabasLib\EdiabasLibAndroid\EdiabasLibAndroid.csproj", "{FEDD5F23-F769-44D2-9F06-39D532008197}"
EndProject
Project("{FAE04EC0-301F-11D3-BF4B-00C04F79EFBC}") = "D2XXBinding", "..\EdiabasLib\EdiabasLibAndroid\D2XXBinding\D2XXBinding.csproj", "{F7DFA085-6BE8-4468-931F-880ED0453146}"
EndProject
Global
	GlobalSection(SolutionConfigurationPlatforms) = preSolution
		Debug|Any CPU = Debug|Any CPU
		Release|Any CPU = Release|Any CPU
	EndGlobalSection
	GlobalSection(ProjectConfigurationPlatforms) = postSolution
		{5FC5723C-A88B-46E3-957C-FF24F9D8212F}.Debug|Any CPU.ActiveCfg = Debug|Any CPU
		{5FC5723C-A88B-46E3-957C-FF24F9D8212F}.Debug|Any CPU.Build.0 = Debug|Any CPU
		{5FC5723C-A88B-46E3-957C-FF24F9D8212F}.Debug|Any CPU.Deploy.0 = Debug|Any CPU
		{5FC5723C-A88B-46E3-957C-FF24F9D8212F}.Release|Any CPU.ActiveCfg = Release|Any CPU
		{5FC5723C-A88B-46E3-957C-FF24F9D8212F}.Release|Any CPU.Build.0 = Release|Any CPU
		{5FC5723C-A88B-46E3-957C-FF24F9D8212F}.Release|Any CPU.Deploy.0 = Release|Any CPU
		{FEDD5F23-F769-44D2-9F06-39D532008197}.Debug|Any CPU.ActiveCfg = Debug|Any CPU
		{FEDD5F23-F769-44D2-9F06-39D532008197}.Debug|Any CPU.Build.0 = Debug|Any CPU
		{FEDD5F23-F769-44D2-9F06-39D532008197}.Release|Any CPU.ActiveCfg = Release|Any CPU
		{FEDD5F23-F769-44D2-9F06-39D532008197}.Release|Any CPU.Build.0 = Release|Any CPU
		{F7DFA085-6BE8-4468-931F-880ED0453146}.Debug|Any CPU.ActiveCfg = Debug|Any CPU
		{F7DFA085-6BE8-4468-931F-880ED0453146}.Debug|Any CPU.Build.0 = Debug|Any CPU
		{F7DFA085-6BE8-4468-931F-880ED0453146}.Release|Any CPU.ActiveCfg = Release|Any CPU
		{F7DFA085-6BE8-4468-931F-880ED0453146}.Release|Any CPU.Build.0 = Release|Any CPU
	EndGlobalSection
	GlobalSection(SolutionProperties) = preSolution
		HideSolutionNode = FALSE
	EndGlobalSection
	GlobalSection(MonoDevelopProperties) = preSolution
		StartupItem = BmwDiagnostics.csproj
	EndGlobalSection
EndGlobal
