
Microsoft Visual Studio Solution File, Format Version 12.00
# Visual Studio Version 18
VisualStudioVersion = 18.2.11415.280
MinimumVisualStudioVersion = 10.0.40219.1
Project("{FAE04EC0-301F-11D3-BF4B-00C04F79EFBC}") = "EdiabasLib", "..\..\EdiabasLib\EdiabasLib\EdiabasLib.csproj", "{3C2E9AE9-8252-451F-9B8F-92EBB56D245D}"
EndProject
Project("{FAE04EC0-301F-11D3-BF4B-00C04F79EFBC}") = "PsdzClientLibrary", "PsdzClientLibrary\PsdzClientLibrary.csproj", "{EEF1264D-D00F-44D4-B21C-D65CF54E149E}"
EndProject
Project("{9A19103F-16F7-4668-BE54-9A1E7A4F7556}") = "VehicleTestServer", "VehicleTestServer\VehicleTestServer.csproj", "{66FDF0E2-F789-4362-A5DF-B114ED7C8D4B}"
EndProject
Project("{FAE04EC0-301F-11D3-BF4B-00C04F79EFBC}") = "AssemblyPatcher", "AssemblyPatcher\AssemblyPatcher.csproj", "{1FC28DE0-43C8-444F-AF00-CF9B0DFF4AE4}"
EndProject
Project("{FAE04EC0-301F-11D3-BF4B-00C04F79EFBC}") = "dnpatch", "dnpatch\dnpatch.csproj", "{14CA7A28-7FA8-40A0-ABC6-81E9F36318DE}"
EndProject
Project("{9A19103F-16F7-4668-BE54-9A1E7A4F7556}") = "IonosDns", "IonosDns\IonosDns.csproj", "{F0536AF3-EA10-4B9C-ADFF-D45EA2FEF8EE}"
EndProject
Project("{FAE04EC0-301F-11D3-BF4B-00C04F79EFBC}") = "ApiInternal", "..\..\EdiabasLib\ApiInternal\ApiInternal.csproj", "{F125B68A-1FA7-4E2B-A055-C4F6D8F5F0CF}"
EndProject
Project("{FAE04EC0-301F-11D3-BF4B-00C04F79EFBC}") = "PsdzClient", "PsdzClient\PsdzClient.csproj", "{EE741859-CB0F-4130-9F07-5CEC56A982C6}"
EndProject
Project("{FAE04EC0-301F-11D3-BF4B-00C04F79EFBC}") = "SourceCodeSync", "SourceCodeSync\SourceCodeSync.csproj", "{B2D67B1F-7DED-49E5-8076-10440C3184BA}"
EndProject
Project("{FAE04EC0-301F-11D3-BF4B-00C04F79EFBC}") = "WebPsdzClient", "WebPsdzClient\WebPsdzClient.csproj", "{0F44781C-34A8-B3C0-CBBC-8B223A84FBCA}"
EndProject
Project("{FAE04EC0-301F-11D3-BF4B-00C04F79EFBC}") = "PsdzRpcServer", "PsdzClientServer\PsdzRpcServer.csproj", "{D88A93A2-1913-4A3A-8C4A-36CB91C143CE}"
EndProject
Global
	GlobalSection(SolutionConfigurationPlatforms) = preSolution
		Debug|Any CPU = Debug|Any CPU
		Debug|x64 = Debug|x64
		Debug|x86 = Debug|x86
		Release|Any CPU = Release|Any CPU
		Release|x64 = Release|x64
		Release|x86 = Release|x86
	EndGlobalSection
	GlobalSection(ProjectConfigurationPlatforms) = postSolution
		{3C2E9AE9-8252-451F-9B8F-92EBB56D245D}.Debug|Any CPU.ActiveCfg = Debug|Any CPU
		{3C2E9AE9-8252-451F-9B8F-92EBB56D245D}.Debug|Any CPU.Build.0 = Debug|Any CPU
		{3C2E9AE9-8252-451F-9B8F-92EBB56D245D}.Debug|x64.ActiveCfg = Debug|Any CPU
		{3C2E9AE9-8252-451F-9B8F-92EBB56D245D}.Debug|x64.Build.0 = Debug|Any CPU
		{3C2E9AE9-8252-451F-9B8F-92EBB56D245D}.Debug|x86.ActiveCfg = Debug|Any CPU
		{3C2E9AE9-8252-451F-9B8F-92EBB56D245D}.Debug|x86.Build.0 = Debug|Any CPU
		{3C2E9AE9-8252-451F-9B8F-92EBB56D245D}.Release|Any CPU.ActiveCfg = Release|Any CPU
		{3C2E9AE9-8252-451F-9B8F-92EBB56D245D}.Release|Any CPU.Build.0 = Release|Any CPU
		{3C2E9AE9-8252-451F-9B8F-92EBB56D245D}.Release|x64.ActiveCfg = Release|Any CPU
		{3C2E9AE9-8252-451F-9B8F-92EBB56D245D}.Release|x64.Build.0 = Release|Any CPU
		{3C2E9AE9-8252-451F-9B8F-92EBB56D245D}.Release|x86.ActiveCfg = Release|Any CPU
		{3C2E9AE9-8252-451F-9B8F-92EBB56D245D}.Release|x86.Build.0 = Release|Any CPU
		{EEF1264D-D00F-44D4-B21C-D65CF54E149E}.Debug|Any CPU.ActiveCfg = Debug|Any CPU
		{EEF1264D-D00F-44D4-B21C-D65CF54E149E}.Debug|Any CPU.Build.0 = Debug|Any CPU
		{EEF1264D-D00F-44D4-B21C-D65CF54E149E}.Debug|x64.ActiveCfg = Debug|Any CPU
		{EEF1264D-D00F-44D4-B21C-D65CF54E149E}.Debug|x64.Build.0 = Debug|Any CPU
		{EEF1264D-D00F-44D4-B21C-D65CF54E149E}.Debug|x86.ActiveCfg = Debug|Any CPU
		{EEF1264D-D00F-44D4-B21C-D65CF54E149E}.Debug|x86.Build.0 = Debug|Any CPU
		{EEF1264D-D00F-44D4-B21C-D65CF54E149E}.Release|Any CPU.ActiveCfg = Release|Any CPU
		{EEF1264D-D00F-44D4-B21C-D65CF54E149E}.Release|Any CPU.Build.0 = Release|Any CPU
		{EEF1264D-D00F-44D4-B21C-D65CF54E149E}.Release|x64.ActiveCfg = Release|Any CPU
		{EEF1264D-D00F-44D4-B21C-D65CF54E149E}.Release|x64.Build.0 = Release|Any CPU
		{EEF1264D-D00F-44D4-B21C-D65CF54E149E}.Release|x86.ActiveCfg = Release|Any CPU
		{EEF1264D-D00F-44D4-B21C-D65CF54E149E}.Release|x86.Build.0 = Release|Any CPU
		{66FDF0E2-F789-4362-A5DF-B114ED7C8D4B}.Debug|Any CPU.ActiveCfg = Debug|Any CPU
		{66FDF0E2-F789-4362-A5DF-B114ED7C8D4B}.Debug|Any CPU.Build.0 = Debug|Any CPU
		{66FDF0E2-F789-4362-A5DF-B114ED7C8D4B}.Debug|x64.ActiveCfg = Debug|Any CPU
		{66FDF0E2-F789-4362-A5DF-B114ED7C8D4B}.Debug|x64.Build.0 = Debug|Any CPU
		{66FDF0E2-F789-4362-A5DF-B114ED7C8D4B}.Debug|x86.ActiveCfg = Debug|Any CPU
		{66FDF0E2-F789-4362-A5DF-B114ED7C8D4B}.Debug|x86.Build.0 = Debug|Any CPU
		{66FDF0E2-F789-4362-A5DF-B114ED7C8D4B}.Release|Any CPU.ActiveCfg = Release|Any CPU
		{66FDF0E2-F789-4362-A5DF-B114ED7C8D4B}.Release|Any CPU.Build.0 = Release|Any CPU
		{66FDF0E2-F789-4362-A5DF-B114ED7C8D4B}.Release|x64.ActiveCfg = Release|Any CPU
		{66FDF0E2-F789-4362-A5DF-B114ED7C8D4B}.Release|x64.Build.0 = Release|Any CPU
		{66FDF0E2-F789-4362-A5DF-B114ED7C8D4B}.Release|x86.ActiveCfg = Release|Any CPU
		{66FDF0E2-F789-4362-A5DF-B114ED7C8D4B}.Release|x86.Build.0 = Release|Any CPU
		{1FC28DE0-43C8-444F-AF00-CF9B0DFF4AE4}.Debug|Any CPU.ActiveCfg = Debug|Any CPU
		{1FC28DE0-43C8-444F-AF00-CF9B0DFF4AE4}.Debug|Any CPU.Build.0 = Debug|Any CPU
		{1FC28DE0-43C8-444F-AF00-CF9B0DFF4AE4}.Debug|x64.ActiveCfg = Debug|Any CPU
		{1FC28DE0-43C8-444F-AF00-CF9B0DFF4AE4}.Debug|x64.Build.0 = Debug|Any CPU
		{1FC28DE0-43C8-444F-AF00-CF9B0DFF4AE4}.Debug|x86.ActiveCfg = Debug|Any CPU
		{1FC28DE0-43C8-444F-AF00-CF9B0DFF4AE4}.Debug|x86.Build.0 = Debug|Any CPU
		{1FC28DE0-43C8-444F-AF00-CF9B0DFF4AE4}.Release|Any CPU.ActiveCfg = Release|Any CPU
		{1FC28DE0-43C8-444F-AF00-CF9B0DFF4AE4}.Release|Any CPU.Build.0 = Release|Any CPU
		{1FC28DE0-43C8-444F-AF00-CF9B0DFF4AE4}.Release|x64.ActiveCfg = Release|Any CPU
		{1FC28DE0-43C8-444F-AF00-CF9B0DFF4AE4}.Release|x64.Build.0 = Release|Any CPU
		{1FC28DE0-43C8-444F-AF00-CF9B0DFF4AE4}.Release|x86.ActiveCfg = Release|Any CPU
		{1FC28DE0-43C8-444F-AF00-CF9B0DFF4AE4}.Release|x86.Build.0 = Release|Any CPU
		{14CA7A28-7FA8-40A0-ABC6-81E9F36318DE}.Debug|Any CPU.ActiveCfg = Debug|Any CPU
		{14CA7A28-7FA8-40A0-ABC6-81E9F36318DE}.Debug|Any CPU.Build.0 = Debug|Any CPU
		{14CA7A28-7FA8-40A0-ABC6-81E9F36318DE}.Debug|x64.ActiveCfg = Debug|Any CPU
		{14CA7A28-7FA8-40A0-ABC6-81E9F36318DE}.Debug|x64.Build.0 = Debug|Any CPU
		{14CA7A28-7FA8-40A0-ABC6-81E9F36318DE}.Debug|x86.ActiveCfg = Debug|Any CPU
		{14CA7A28-7FA8-40A0-ABC6-81E9F36318DE}.Debug|x86.Build.0 = Debug|Any CPU
		{14CA7A28-7FA8-40A0-ABC6-81E9F36318DE}.Release|Any CPU.ActiveCfg = Release|Any CPU
		{14CA7A28-7FA8-40A0-ABC6-81E9F36318DE}.Release|Any CPU.Build.0 = Release|Any CPU
		{14CA7A28-7FA8-40A0-ABC6-81E9F36318DE}.Release|x64.ActiveCfg = Release|Any CPU
		{14CA7A28-7FA8-40A0-ABC6-81E9F36318DE}.Release|x64.Build.0 = Release|Any CPU
		{14CA7A28-7FA8-40A0-ABC6-81E9F36318DE}.Release|x86.ActiveCfg = Release|Any CPU
		{14CA7A28-7FA8-40A0-ABC6-81E9F36318DE}.Release|x86.Build.0 = Release|Any CPU
		{F0536AF3-EA10-4B9C-ADFF-D45EA2FEF8EE}.Debug|Any CPU.ActiveCfg = Debug|Any CPU
		{F0536AF3-EA10-4B9C-ADFF-D45EA2FEF8EE}.Debug|Any CPU.Build.0 = Debug|Any CPU
		{F0536AF3-EA10-4B9C-ADFF-D45EA2FEF8EE}.Debug|x64.ActiveCfg = Debug|Any CPU
		{F0536AF3-EA10-4B9C-ADFF-D45EA2FEF8EE}.Debug|x64.Build.0 = Debug|Any CPU
		{F0536AF3-EA10-4B9C-ADFF-D45EA2FEF8EE}.Debug|x86.ActiveCfg = Debug|Any CPU
		{F0536AF3-EA10-4B9C-ADFF-D45EA2FEF8EE}.Debug|x86.Build.0 = Debug|Any CPU
		{F0536AF3-EA10-4B9C-ADFF-D45EA2FEF8EE}.Release|Any CPU.ActiveCfg = Release|Any CPU
		{F0536AF3-EA10-4B9C-ADFF-D45EA2FEF8EE}.Release|Any CPU.Build.0 = Release|Any CPU
		{F0536AF3-EA10-4B9C-ADFF-D45EA2FEF8EE}.Release|x64.ActiveCfg = Release|Any CPU
		{F0536AF3-EA10-4B9C-ADFF-D45EA2FEF8EE}.Release|x64.Build.0 = Release|Any CPU
		{F0536AF3-EA10-4B9C-ADFF-D45EA2FEF8EE}.Release|x86.ActiveCfg = Release|Any CPU
		{F0536AF3-EA10-4B9C-ADFF-D45EA2FEF8EE}.Release|x86.Build.0 = Release|Any CPU
		{F125B68A-1FA7-4E2B-A055-C4F6D8F5F0CF}.Debug|Any CPU.ActiveCfg = Debug|Any CPU
		{F125B68A-1FA7-4E2B-A055-C4F6D8F5F0CF}.Debug|Any CPU.Build.0 = Debug|Any CPU
		{F125B68A-1FA7-4E2B-A055-C4F6D8F5F0CF}.Debug|x64.ActiveCfg = Debug|Any CPU
		{F125B68A-1FA7-4E2B-A055-C4F6D8F5F0CF}.Debug|x64.Build.0 = Debug|Any CPU
		{F125B68A-1FA7-4E2B-A055-C4F6D8F5F0CF}.Debug|x86.ActiveCfg = Debug|Any CPU
		{F125B68A-1FA7-4E2B-A055-C4F6D8F5F0CF}.Debug|x86.Build.0 = Debug|Any CPU
		{F125B68A-1FA7-4E2B-A055-C4F6D8F5F0CF}.Release|Any CPU.ActiveCfg = Release|Any CPU
		{F125B68A-1FA7-4E2B-A055-C4F6D8F5F0CF}.Release|Any CPU.Build.0 = Release|Any CPU
		{F125B68A-1FA7-4E2B-A055-C4F6D8F5F0CF}.Release|x64.ActiveCfg = Release|Any CPU
		{F125B68A-1FA7-4E2B-A055-C4F6D8F5F0CF}.Release|x64.Build.0 = Release|Any CPU
		{F125B68A-1FA7-4E2B-A055-C4F6D8F5F0CF}.Release|x86.ActiveCfg = Release|Any CPU
		{F125B68A-1FA7-4E2B-A055-C4F6D8F5F0CF}.Release|x86.Build.0 = Release|Any CPU
		{EE741859-CB0F-4130-9F07-5CEC56A982C6}.Debug|Any CPU.ActiveCfg = Debug|Any CPU
		{EE741859-CB0F-4130-9F07-5CEC56A982C6}.Debug|Any CPU.Build.0 = Debug|Any CPU
		{EE741859-CB0F-4130-9F07-5CEC56A982C6}.Debug|x64.ActiveCfg = Debug|Any CPU
		{EE741859-CB0F-4130-9F07-5CEC56A982C6}.Debug|x64.Build.0 = Debug|Any CPU
		{EE741859-CB0F-4130-9F07-5CEC56A982C6}.Debug|x86.ActiveCfg = Debug|x86
		{EE741859-CB0F-4130-9F07-5CEC56A982C6}.Debug|x86.Build.0 = Debug|x86
		{EE741859-CB0F-4130-9F07-5CEC56A982C6}.Release|Any CPU.ActiveCfg = Release|Any CPU
		{EE741859-CB0F-4130-9F07-5CEC56A982C6}.Release|Any CPU.Build.0 = Release|Any CPU
		{EE741859-CB0F-4130-9F07-5CEC56A982C6}.Release|x64.ActiveCfg = Release|Any CPU
		{EE741859-CB0F-4130-9F07-5CEC56A982C6}.Release|x64.Build.0 = Release|Any CPU
		{EE741859-CB0F-4130-9F07-5CEC56A982C6}.Release|x86.ActiveCfg = Release|x86
		{EE741859-CB0F-4130-9F07-5CEC56A982C6}.Release|x86.Build.0 = Release|x86
		{B2D67B1F-7DED-49E5-8076-10440C3184BA}.Debug|Any CPU.ActiveCfg = Debug|Any CPU
		{B2D67B1F-7DED-49E5-8076-10440C3184BA}.Debug|Any CPU.Build.0 = Debug|Any CPU
		{B2D67B1F-7DED-49E5-8076-10440C3184BA}.Debug|x64.ActiveCfg = Debug|Any CPU
		{B2D67B1F-7DED-49E5-8076-10440C3184BA}.Debug|x64.Build.0 = Debug|Any CPU
		{B2D67B1F-7DED-49E5-8076-10440C3184BA}.Debug|x86.ActiveCfg = Debug|Any CPU
		{B2D67B1F-7DED-49E5-8076-10440C3184BA}.Debug|x86.Build.0 = Debug|Any CPU
		{B2D67B1F-7DED-49E5-8076-10440C3184BA}.Release|Any CPU.ActiveCfg = Release|Any CPU
		{B2D67B1F-7DED-49E5-8076-10440C3184BA}.Release|Any CPU.Build.0 = Release|Any CPU
		{B2D67B1F-7DED-49E5-8076-10440C3184BA}.Release|x64.ActiveCfg = Release|Any CPU
		{B2D67B1F-7DED-49E5-8076-10440C3184BA}.Release|x64.Build.0 = Release|Any CPU
		{B2D67B1F-7DED-49E5-8076-10440C3184BA}.Release|x86.ActiveCfg = Release|Any CPU
		{B2D67B1F-7DED-49E5-8076-10440C3184BA}.Release|x86.Build.0 = Release|Any CPU
		{0F44781C-34A8-B3C0-CBBC-8B223A84FBCA}.Debug|Any CPU.ActiveCfg = Debug|Any CPU
		{0F44781C-34A8-B3C0-CBBC-8B223A84FBCA}.Debug|Any CPU.Build.0 = Debug|Any CPU
		{0F44781C-34A8-B3C0-CBBC-8B223A84FBCA}.Debug|x64.ActiveCfg = Debug|Any CPU
		{0F44781C-34A8-B3C0-CBBC-8B223A84FBCA}.Debug|x64.Build.0 = Debug|Any CPU
		{0F44781C-34A8-B3C0-CBBC-8B223A84FBCA}.Debug|x86.ActiveCfg = Debug|Any CPU
		{0F44781C-34A8-B3C0-CBBC-8B223A84FBCA}.Debug|x86.Build.0 = Debug|Any CPU
		{0F44781C-34A8-B3C0-CBBC-8B223A84FBCA}.Release|Any CPU.ActiveCfg = Release|Any CPU
		{0F44781C-34A8-B3C0-CBBC-8B223A84FBCA}.Release|Any CPU.Build.0 = Release|Any CPU
		{0F44781C-34A8-B3C0-CBBC-8B223A84FBCA}.Release|x64.ActiveCfg = Release|Any CPU
		{0F44781C-34A8-B3C0-CBBC-8B223A84FBCA}.Release|x64.Build.0 = Release|Any CPU
		{0F44781C-34A8-B3C0-CBBC-8B223A84FBCA}.Release|x86.ActiveCfg = Release|Any CPU
		{0F44781C-34A8-B3C0-CBBC-8B223A84FBCA}.Release|x86.Build.0 = Release|Any CPU
		{D88A93A2-1913-4A3A-8C4A-36CB91C143CE}.Debug|Any CPU.ActiveCfg = Debug|Any CPU
		{D88A93A2-1913-4A3A-8C4A-36CB91C143CE}.Debug|Any CPU.Build.0 = Debug|Any CPU
		{D88A93A2-1913-4A3A-8C4A-36CB91C143CE}.Debug|x64.ActiveCfg = Debug|Any CPU
		{D88A93A2-1913-4A3A-8C4A-36CB91C143CE}.Debug|x64.Build.0 = Debug|Any CPU
		{D88A93A2-1913-4A3A-8C4A-36CB91C143CE}.Debug|x86.ActiveCfg = Debug|Any CPU
		{D88A93A2-1913-4A3A-8C4A-36CB91C143CE}.Debug|x86.Build.0 = Debug|Any CPU
		{D88A93A2-1913-4A3A-8C4A-36CB91C143CE}.Release|Any CPU.ActiveCfg = Release|Any CPU
		{D88A93A2-1913-4A3A-8C4A-36CB91C143CE}.Release|Any CPU.Build.0 = Release|Any CPU
		{D88A93A2-1913-4A3A-8C4A-36CB91C143CE}.Release|x64.ActiveCfg = Release|Any CPU
		{D88A93A2-1913-4A3A-8C4A-36CB91C143CE}.Release|x64.Build.0 = Release|Any CPU
		{D88A93A2-1913-4A3A-8C4A-36CB91C143CE}.Release|x86.ActiveCfg = Release|Any CPU
		{D88A93A2-1913-4A3A-8C4A-36CB91C143CE}.Release|x86.Build.0 = Release|Any CPU
	EndGlobalSection
	GlobalSection(SolutionProperties) = preSolution
		HideSolutionNode = FALSE
	EndGlobalSection
	GlobalSection(ExtensibilityGlobals) = postSolution
		SolutionGuid = {F36F4842-7074-4A99-A574-2F50F98E8063}
	EndGlobalSection
EndGlobal
