
Microsoft Visual Studio Solution File, Format Version 12.00
# Visual Studio Version 16
VisualStudioVersion = 16.0.29609.76
MinimumVisualStudioVersion = 10.0.40219.1
Project("{FAE04EC0-301F-11D3-BF4B-00C04F79EFBC}") = "ExtractTypeKeys", "ExtractTypeKeys\ExtractTypeKeys.csproj", "{17527052-0C46-413F-9816-05FD98852195}"
EndProject
Global
	GlobalSection(SolutionConfigurationPlatforms) = preSolution
		Debug|Any CPU = Debug|Any CPU
		Release|Any CPU = Release|Any CPU
	EndGlobalSection
	GlobalSection(ProjectConfigurationPlatforms) = postSolution
		{17527052-0C46-413F-9816-05FD98852195}.Debug|Any CPU.ActiveCfg = Debug|Any CPU
		{17527052-0C46-413F-9816-05FD98852195}.Debug|Any CPU.Build.0 = Debug|Any CPU
		{17527052-0C46-413F-9816-05FD98852195}.Release|Any CPU.ActiveCfg = Release|Any CPU
		{17527052-0C46-413F-9816-05FD98852195}.Release|Any CPU.Build.0 = Release|Any CPU
	EndGlobalSection
	GlobalSection(SolutionProperties) = preSolution
		HideSolutionNode = FALSE
	EndGlobalSection
	GlobalSection(ExtensibilityGlobals) = postSolution
		SolutionGuid = {C5F205A3-AE85-47E5-ACD7-1696B3538357}
	EndGlobalSection
EndGlobal
