
Microsoft Visual Studio Solution File, Format Version 12.00
# Visual Studio Version 17
VisualStudioVersion = 17.3.32811.315
MinimumVisualStudioVersion = 10.0.40219.1
Project("{FAE04EC0-301F-11D3-BF4B-00C04F79EFBC}") = "BmwDeepObd", "BmwDeepObd.csproj", "{5FC5723C-A88B-46E3-957C-FF24F9D8212F}"
EndProject
Project("{FAE04EC0-301F-11D3-BF4B-00C04F79EFBC}") = "EdiabasLibAndroid", "..\EdiabasLib\EdiabasLibAndroid\EdiabasLibAndroid.csproj", "{FEDD5F23-F769-44D2-9F06-39D532008197}"
EndProject
Project("{FAE04EC0-301F-11D3-BF4B-00C04F79EFBC}") = "UsbSerialBinding", "..\EdiabasLib\EdiabasLibAndroid\UsbSerialBinding\UsbSerialBinding.csproj", "{C70078EC-34D9-46A7-A04A-4412CFE27509}"
EndProject
Project("{FAE04EC0-301F-11D3-BF4B-00C04F79EFBC}") = "CustomGaugeBinding", "..\EdiabasLib\EdiabasLibAndroid\CustomGaugeBinding\CustomGaugeBinding.csproj", "{6372B7DD-E31C-48F5-8C47-F6FA2BB37070}"
EndProject
Project("{2150E333-8FDC-42A3-9474-1A3956D46DE8}") = "Solution Items", "Solution Items", "{6C93E567-64ED-43AD-9E2D-FF2F6BAAED87}"
	ProjectSection(SolutionItems) = preProject
		.editorconfig = .editorconfig
	EndProjectSection
EndProject
Project("{FAE04EC0-301F-11D3-BF4B-00C04F79EFBC}") = "DragListViewBinding", "..\EdiabasLib\EdiabasLibAndroid\DragListViewBinding\DragListViewBinding.csproj", "{229E4933-3700-4F8F-817B-FA3E09E92568}"
EndProject
Project("{9A19103F-16F7-4668-BE54-9A1E7A4F7556}") = "EdiabasLibAndroidNet", "..\EdiabasLib\EdiabasLibAndroidNet\EdiabasLibAndroidNet.csproj", "{5F1B024A-E776-4CE6-99AB-71498E48C639}"
EndProject
Project("{9A19103F-16F7-4668-BE54-9A1E7A4F7556}") = "UsbSerialNetBinding", "..\EdiabasLib\EdiabasLibAndroidNet\UsbSerialNetBinding\UsbSerialNetBinding.csproj", "{0F5D0BF0-3714-456A-A457-F78AB0849D71}"
EndProject
Project("{9A19103F-16F7-4668-BE54-9A1E7A4F7556}") = "DragListViewNetBinding", "..\EdiabasLib\EdiabasLibAndroidNet\DragListViewNetBinding\DragListViewNetBinding.csproj", "{7A0E2C8E-E925-4DB4-AD08-4F97A291CAB4}"
EndProject
Project("{9A19103F-16F7-4668-BE54-9A1E7A4F7556}") = "CustomGaugeNetBinding", "..\EdiabasLib\EdiabasLibAndroidNet\CustomGaugeNetBinding\CustomGaugeNetBinding.csproj", "{B787D2AE-3022-4960-9CBC-D1CE205A07C5}"
EndProject
Global
	GlobalSection(SolutionConfigurationPlatforms) = preSolution
		Debug|Any CPU = Debug|Any CPU
		Release|Any CPU = Release|Any CPU
	EndGlobalSection
	GlobalSection(ProjectConfigurationPlatforms) = postSolution
		{5FC5723C-A88B-46E3-957C-FF24F9D8212F}.Debug|Any CPU.ActiveCfg = Debug|Any CPU
		{5FC5723C-A88B-46E3-957C-FF24F9D8212F}.Debug|Any CPU.Build.0 = Debug|Any CPU
		{5FC5723C-A88B-46E3-957C-FF24F9D8212F}.Debug|Any CPU.Deploy.0 = Debug|Any CPU
		{5FC5723C-A88B-46E3-957C-FF24F9D8212F}.Release|Any CPU.ActiveCfg = Release|Any CPU
		{5FC5723C-A88B-46E3-957C-FF24F9D8212F}.Release|Any CPU.Build.0 = Release|Any CPU
		{5FC5723C-A88B-46E3-957C-FF24F9D8212F}.Release|Any CPU.Deploy.0 = Release|Any CPU
		{FEDD5F23-F769-44D2-9F06-39D532008197}.Debug|Any CPU.ActiveCfg = Debug|Any CPU
		{FEDD5F23-F769-44D2-9F06-39D532008197}.Debug|Any CPU.Build.0 = Debug|Any CPU
		{FEDD5F23-F769-44D2-9F06-39D532008197}.Release|Any CPU.ActiveCfg = Release|Any CPU
		{FEDD5F23-F769-44D2-9F06-39D532008197}.Release|Any CPU.Build.0 = Release|Any CPU
		{C70078EC-34D9-46A7-A04A-4412CFE27509}.Debug|Any CPU.ActiveCfg = Debug|Any CPU
		{C70078EC-34D9-46A7-A04A-4412CFE27509}.Debug|Any CPU.Build.0 = Debug|Any CPU
		{C70078EC-34D9-46A7-A04A-4412CFE27509}.Release|Any CPU.ActiveCfg = Release|Any CPU
		{C70078EC-34D9-46A7-A04A-4412CFE27509}.Release|Any CPU.Build.0 = Release|Any CPU
		{6372B7DD-E31C-48F5-8C47-F6FA2BB37070}.Debug|Any CPU.ActiveCfg = Debug|Any CPU
		{6372B7DD-E31C-48F5-8C47-F6FA2BB37070}.Debug|Any CPU.Build.0 = Debug|Any CPU
		{6372B7DD-E31C-48F5-8C47-F6FA2BB37070}.Release|Any CPU.ActiveCfg = Release|Any CPU
		{6372B7DD-E31C-48F5-8C47-F6FA2BB37070}.Release|Any CPU.Build.0 = Release|Any CPU
		{229E4933-3700-4F8F-817B-FA3E09E92568}.Debug|Any CPU.ActiveCfg = Debug|Any CPU
		{229E4933-3700-4F8F-817B-FA3E09E92568}.Debug|Any CPU.Build.0 = Debug|Any CPU
		{229E4933-3700-4F8F-817B-FA3E09E92568}.Release|Any CPU.ActiveCfg = Release|Any CPU
		{229E4933-3700-4F8F-817B-FA3E09E92568}.Release|Any CPU.Build.0 = Release|Any CPU
		{5F1B024A-E776-4CE6-99AB-71498E48C639}.Debug|Any CPU.ActiveCfg = Debug|Any CPU
		{5F1B024A-E776-4CE6-99AB-71498E48C639}.Debug|Any CPU.Build.0 = Debug|Any CPU
		{5F1B024A-E776-4CE6-99AB-71498E48C639}.Release|Any CPU.ActiveCfg = Release|Any CPU
		{5F1B024A-E776-4CE6-99AB-71498E48C639}.Release|Any CPU.Build.0 = Release|Any CPU
		{0F5D0BF0-3714-456A-A457-F78AB0849D71}.Debug|Any CPU.ActiveCfg = Debug|Any CPU
		{0F5D0BF0-3714-456A-A457-F78AB0849D71}.Debug|Any CPU.Build.0 = Debug|Any CPU
		{0F5D0BF0-3714-456A-A457-F78AB0849D71}.Release|Any CPU.ActiveCfg = Release|Any CPU
		{0F5D0BF0-3714-456A-A457-F78AB0849D71}.Release|Any CPU.Build.0 = Release|Any CPU
		{7A0E2C8E-E925-4DB4-AD08-4F97A291CAB4}.Debug|Any CPU.ActiveCfg = Debug|Any CPU
		{7A0E2C8E-E925-4DB4-AD08-4F97A291CAB4}.Debug|Any CPU.Build.0 = Debug|Any CPU
		{7A0E2C8E-E925-4DB4-AD08-4F97A291CAB4}.Release|Any CPU.ActiveCfg = Release|Any CPU
		{7A0E2C8E-E925-4DB4-AD08-4F97A291CAB4}.Release|Any CPU.Build.0 = Release|Any CPU
		{B787D2AE-3022-4960-9CBC-D1CE205A07C5}.Debug|Any CPU.ActiveCfg = Debug|Any CPU
		{B787D2AE-3022-4960-9CBC-D1CE205A07C5}.Debug|Any CPU.Build.0 = Debug|Any CPU
		{B787D2AE-3022-4960-9CBC-D1CE205A07C5}.Release|Any CPU.ActiveCfg = Release|Any CPU
		{B787D2AE-3022-4960-9CBC-D1CE205A07C5}.Release|Any CPU.Build.0 = Release|Any CPU
	EndGlobalSection
	GlobalSection(SolutionProperties) = preSolution
		HideSolutionNode = FALSE
	EndGlobalSection
	GlobalSection(ExtensibilityGlobals) = postSolution
		SolutionGuid = {D7C83392-394A-4027-9FD3-DBE62DD54E79}
	EndGlobalSection
	GlobalSection(MonoDevelopProperties) = preSolution
		StartupItem = BmwDeepObd.csproj
	EndGlobalSection
EndGlobal
