
Microsoft Visual Studio Solution File, Format Version 12.00
# Visual Studio Version 17
VisualStudioVersion = 17.2.32630.192
MinimumVisualStudioVersion = 10.0.40219.1
Project("{9A19103F-16F7-4668-BE54-9A1E7A4F7556}") = "ExtractEcuFunctions", "ExtractEcuFunctions\ExtractEcuFunctions.csproj", "{95B96797-C984-4888-8256-7266940E3D9A}"
EndProject
Project("{9A19103F-16F7-4668-BE54-9A1E7A4F7556}") = "MergeEcuFunctions", "MergeEcuFunctions\MergeEcuFunctions.csproj", "{71A5092A-37F7-48ED-82DF-0FE9C4995BC5}"
EndProject
Project("{FAE04EC0-301F-11D3-BF4B-00C04F79EFBC}") = "SqlTest", "SqlTest\SqlTest.csproj", "{19E75B16-2EED-4480-8AA4-576C3CEB6774}"
EndProject
Global
	GlobalSection(SolutionConfigurationPlatforms) = preSolution
		Debug|Any CPU = Debug|Any CPU
		Release|Any CPU = Release|Any CPU
	EndGlobalSection
	GlobalSection(ProjectConfigurationPlatforms) = postSolution
		{95B96797-C984-4888-8256-7266940E3D9A}.Debug|Any CPU.ActiveCfg = Debug|Any CPU
		{95B96797-C984-4888-8256-7266940E3D9A}.Debug|Any CPU.Build.0 = Debug|Any CPU
		{95B96797-C984-4888-8256-7266940E3D9A}.Release|Any CPU.ActiveCfg = Release|Any CPU
		{95B96797-C984-4888-8256-7266940E3D9A}.Release|Any CPU.Build.0 = Release|Any CPU
		{71A5092A-37F7-48ED-82DF-0FE9C4995BC5}.Debug|Any CPU.ActiveCfg = Debug|Any CPU
		{71A5092A-37F7-48ED-82DF-0FE9C4995BC5}.Debug|Any CPU.Build.0 = Debug|Any CPU
		{71A5092A-37F7-48ED-82DF-0FE9C4995BC5}.Release|Any CPU.ActiveCfg = Release|Any CPU
		{71A5092A-37F7-48ED-82DF-0FE9C4995BC5}.Release|Any CPU.Build.0 = Release|Any CPU
		{19E75B16-2EED-4480-8AA4-576C3CEB6774}.Debug|Any CPU.ActiveCfg = Debug|Any CPU
		{19E75B16-2EED-4480-8AA4-576C3CEB6774}.Debug|Any CPU.Build.0 = Debug|Any CPU
		{19E75B16-2EED-4480-8AA4-576C3CEB6774}.Release|Any CPU.ActiveCfg = Release|Any CPU
		{19E75B16-2EED-4480-8AA4-576C3CEB6774}.Release|Any CPU.Build.0 = Release|Any CPU
	EndGlobalSection
	GlobalSection(SolutionProperties) = preSolution
		HideSolutionNode = FALSE
	EndGlobalSection
	GlobalSection(ExtensibilityGlobals) = postSolution
		SolutionGuid = {C5F205A3-AE85-47E5-ACD7-1696B3538357}
	EndGlobalSection
EndGlobal
