
Microsoft Visual Studio Solution File, Format Version 12.00
# Visual Studio 14
VisualStudioVersion = 14.0.24720.0
MinimumVisualStudioVersion = 10.0.40219.1
Project("{FAE04EC0-301F-11D3-BF4B-00C04F79EFBC}") = "Mono.Touch.Client", "MonoTouchClient\Mono.Touch.Client.csproj", "{2A717E82-957F-46D9-B310-3BA85E3E6E60}"
EndProject
Project("{FAE04EC0-301F-11D3-BF4B-00C04F79EFBC}") = "Mono.Touch.Common", "MonoTouchCommon\Mono.Touch.Common.csproj", "{96886A0C-3EF3-47C3-9214-1D928E4E54A7}"
EndProject
Project("{FAE04EC0-301F-11D3-BF4B-00C04F79EFBC}") = "Mono.Touch.Activation.Client", "MonoTouchClient\Mono.Touch.Activation.Client.csproj", "{16C22691-8C00-4E38-8095-60B22F69D7E0}"
EndProject
Project("{FAE04EC0-301F-11D3-BF4B-00C04F79EFBC}") = "Mono.Touch.Activation.Common", "MonoTouchCommon\Mono.Touch.Activation.Common.csproj", "{7FEC847B-56EB-4145-9A77-8880DB3698C0}"
EndProject
Project("{FAE04EC0-301F-11D3-BF4B-00C04F79EFBC}") = "mandroid-win", "Mandroid\mandroid-win.csproj", "{AEB385FF-6BB4-4D99-8899-8F9DBD79F60E}"
EndProject
Project("{FAE04EC0-301F-11D3-BF4B-00C04F79EFBC}") = "mtouch-win", "Mtouch\mtouch-win.csproj", "{8C6171E6-F6C3-4F89-A2B0-7AF6EE1C8D55}"
EndProject
Global
	GlobalSection(SolutionConfigurationPlatforms) = preSolution
		Debug|Any CPU = Debug|Any CPU
		Release|Any CPU = Release|Any CPU
	EndGlobalSection
	GlobalSection(ProjectConfigurationPlatforms) = postSolution
		{2A717E82-957F-46D9-B310-3BA85E3E6E60}.Debug|Any CPU.ActiveCfg = Debug|Any CPU
		{2A717E82-957F-46D9-B310-3BA85E3E6E60}.Debug|Any CPU.Build.0 = Debug|Any CPU
		{2A717E82-957F-46D9-B310-3BA85E3E6E60}.Release|Any CPU.ActiveCfg = Release|Any CPU
		{2A717E82-957F-46D9-B310-3BA85E3E6E60}.Release|Any CPU.Build.0 = Release|Any CPU
		{96886A0C-3EF3-47C3-9214-1D928E4E54A7}.Debug|Any CPU.ActiveCfg = Debug|Any CPU
		{96886A0C-3EF3-47C3-9214-1D928E4E54A7}.Debug|Any CPU.Build.0 = Debug|Any CPU
		{96886A0C-3EF3-47C3-9214-1D928E4E54A7}.Release|Any CPU.ActiveCfg = Release|Any CPU
		{96886A0C-3EF3-47C3-9214-1D928E4E54A7}.Release|Any CPU.Build.0 = Release|Any CPU
		{16C22691-8C00-4E38-8095-60B22F69D7E0}.Debug|Any CPU.ActiveCfg = Debug|Any CPU
		{16C22691-8C00-4E38-8095-60B22F69D7E0}.Debug|Any CPU.Build.0 = Debug|Any CPU
		{16C22691-8C00-4E38-8095-60B22F69D7E0}.Release|Any CPU.ActiveCfg = Release|Any CPU
		{16C22691-8C00-4E38-8095-60B22F69D7E0}.Release|Any CPU.Build.0 = Release|Any CPU
		{7FEC847B-56EB-4145-9A77-8880DB3698C0}.Debug|Any CPU.ActiveCfg = Debug|Any CPU
		{7FEC847B-56EB-4145-9A77-8880DB3698C0}.Debug|Any CPU.Build.0 = Debug|Any CPU
		{7FEC847B-56EB-4145-9A77-8880DB3698C0}.Release|Any CPU.ActiveCfg = Release|Any CPU
		{7FEC847B-56EB-4145-9A77-8880DB3698C0}.Release|Any CPU.Build.0 = Release|Any CPU
		{AEB385FF-6BB4-4D99-8899-8F9DBD79F60E}.Debug|Any CPU.ActiveCfg = Debug|Any CPU
		{AEB385FF-6BB4-4D99-8899-8F9DBD79F60E}.Debug|Any CPU.Build.0 = Debug|Any CPU
		{AEB385FF-6BB4-4D99-8899-8F9DBD79F60E}.Release|Any CPU.ActiveCfg = Release|Any CPU
		{AEB385FF-6BB4-4D99-8899-8F9DBD79F60E}.Release|Any CPU.Build.0 = Release|Any CPU
		{8C6171E6-F6C3-4F89-A2B0-7AF6EE1C8D55}.Debug|Any CPU.ActiveCfg = Debug|Any CPU
		{8C6171E6-F6C3-4F89-A2B0-7AF6EE1C8D55}.Debug|Any CPU.Build.0 = Debug|Any CPU
		{8C6171E6-F6C3-4F89-A2B0-7AF6EE1C8D55}.Release|Any CPU.ActiveCfg = Release|Any CPU
		{8C6171E6-F6C3-4F89-A2B0-7AF6EE1C8D55}.Release|Any CPU.Build.0 = Release|Any CPU
	EndGlobalSection
	GlobalSection(SolutionProperties) = preSolution
		HideSolutionNode = FALSE
	EndGlobalSection
EndGlobal
