
Microsoft Visual Studio Solution File, Format Version 12.00
# Visual Studio 15
VisualStudioVersion = 15.0.27130.2020
MinimumVisualStudioVersion = 10.0.40219.1
Project("{9A19103F-16F7-4668-BE54-9A1E7A4F7556}") = "ApkUploader", "ApkUploader\ApkUploader.csproj", "{2390C098-D54C-49AA-A9C0-6A7A00ADC8E6}"
EndProject
Global
	GlobalSection(SolutionConfigurationPlatforms) = preSolution
		Debug|Any CPU = Debug|Any CPU
		Release|Any CPU = Release|Any CPU
	EndGlobalSection
	GlobalSection(ProjectConfigurationPlatforms) = postSolution
		{2390C098-D54C-49AA-A9C0-6A7A00ADC8E6}.Debug|Any CPU.ActiveCfg = Debug|Any CPU
		{2390C098-D54C-49AA-A9C0-6A7A00ADC8E6}.Debug|Any CPU.Build.0 = Debug|Any CPU
		{2390C098-D54C-49AA-A9C0-6A7A00ADC8E6}.Release|Any CPU.ActiveCfg = Release|Any CPU
		{2390C098-D54C-49AA-A9C0-6A7A00ADC8E6}.Release|Any CPU.Build.0 = Release|Any CPU
	EndGlobalSection
	GlobalSection(SolutionProperties) = preSolution
		HideSolutionNode = FALSE
	EndGlobalSection
	GlobalSection(ExtensibilityGlobals) = postSolution
		SolutionGuid = {060C62D6-7D4A-47D8-86D0-12297B1EC77C}
	EndGlobalSection
EndGlobal
