
Microsoft Visual Studio Solution File, Format Version 12.00
# Visual Studio Version 16
VisualStudioVersion = 16.0.28922.388
MinimumVisualStudioVersion = 10.0.40219.1
Project("{FAE04EC0-301F-11D3-BF4B-00C04F79EFBC}") = "CreateObb", "CreateObb\CreateObb.csproj", "{C86EABEF-DAFB-4450-A2CE-29BF6F03898F}"
EndProject
Project("{9A19103F-16F7-4668-BE54-9A1E7A4F7556}") = "OfflineKeyGenerator", "OfflineKeyGenerator\OfflineKeyGenerator.csproj", "{06164BC4-A801-4FC2-9DB4-4DA7A7CC9698}"
EndProject
Global
	GlobalSection(SolutionConfigurationPlatforms) = preSolution
		Debug|Any CPU = Debug|Any CPU
		Release|Any CPU = Release|Any CPU
	EndGlobalSection
	GlobalSection(ProjectConfigurationPlatforms) = postSolution
		{C86EABEF-DAFB-4450-A2CE-29BF6F03898F}.Debug|Any CPU.ActiveCfg = Debug|Any CPU
		{C86EABEF-DAFB-4450-A2CE-29BF6F03898F}.Debug|Any CPU.Build.0 = Debug|Any CPU
		{C86EABEF-DAFB-4450-A2CE-29BF6F03898F}.Release|Any CPU.ActiveCfg = Release|Any CPU
		{C86EABEF-DAFB-4450-A2CE-29BF6F03898F}.Release|Any CPU.Build.0 = Release|Any CPU
		{06164BC4-A801-4FC2-9DB4-4DA7A7CC9698}.Debug|Any CPU.ActiveCfg = Debug|Any CPU
		{06164BC4-A801-4FC2-9DB4-4DA7A7CC9698}.Debug|Any CPU.Build.0 = Debug|Any CPU
		{06164BC4-A801-4FC2-9DB4-4DA7A7CC9698}.Release|Any CPU.ActiveCfg = Release|Any CPU
		{06164BC4-A801-4FC2-9DB4-4DA7A7CC9698}.Release|Any CPU.Build.0 = Release|Any CPU
	EndGlobalSection
	GlobalSection(SolutionProperties) = preSolution
		HideSolutionNode = FALSE
	EndGlobalSection
	GlobalSection(ExtensibilityGlobals) = postSolution
		SolutionGuid = {94304AF4-BB72-41DB-B958-07EFF0E65F61}
	EndGlobalSection
EndGlobal
